
Microsoft Visual Studio Solution File, Format Version 12.00
# Visual Studio Version 17
VisualStudioVersion = 17.7.34003.232
MinimumVisualStudioVersion = 10.0.40219.1
Project("{9A19103F-16F7-4668-BE54-9A1E7A4F7556}") = "Feladat_01.1", "Feladat_01.1\Feladat_01.1.csproj", "{D307FDCE-AC27-4477-A7EF-60920D9739A5}"
EndProject
Project("{9A19103F-16F7-4668-BE54-9A1E7A4F7556}") = "Feladat_01.2", "Feladat_01.2\Feladat_01.2.csproj", "{5EB76F9F-BA10-4607-BB2E-69C61868E8E6}"
EndProject
Project("{9A19103F-16F7-4668-BE54-9A1E7A4F7556}") = "Feladat_02.1", "Feladat_02.1\Feladat_02.1.csproj", "{1F6EC71F-C638-456B-BEAE-B37CCD9E0FD0}"
EndProject
Project("{9A19103F-16F7-4668-BE54-9A1E7A4F7556}") = "Feladat_02.2", "Feladat_02.2\Feladat_02.2.csproj", "{E5925B40-B97F-47AD-B916-D9B42D204ACD}"
EndProject
Project("{9A19103F-16F7-4668-BE54-9A1E7A4F7556}") = "Feladat_03.1", "Feladat_03.1\Feladat_03.1.csproj", "{34256272-1CE9-4E43-991D-BBC7E4C4062F}"
EndProject
Project("{9A19103F-16F7-4668-BE54-9A1E7A4F7556}") = "Feladat_03.2", "Feladat_03.2\Feladat_03.2.csproj", "{49FAD219-33F1-4487-98CF-C848564BEE9C}"
EndProject
Project("{9A19103F-16F7-4668-BE54-9A1E7A4F7556}") = "Feladat_04.1", "Feladat_04.1\Feladat_04.1.csproj", "{40854088-C547-4DDB-9DBC-C7F76C05F00D}"
EndProject
Project("{9A19103F-16F7-4668-BE54-9A1E7A4F7556}") = "Feladat_04.2", "Feladat_04.2\Feladat_04.2.csproj", "{CCB8D3E3-BC3D-4FC1-BC4F-768C9EDC8BEF}"
EndProject
Project("{9A19103F-16F7-4668-BE54-9A1E7A4F7556}") = "Feladat_05.1", "Feladat_05.1\Feladat_05.1.csproj", "{BA039578-BA2B-46BB-B727-7A79C3EC7228}"
EndProject
Project("{9A19103F-16F7-4668-BE54-9A1E7A4F7556}") = "Feladat_05.2", "Feladat_05.2\Feladat_05.2.csproj", "{D22D0649-4B8B-4B83-8FC3-ACA0BAC9A165}"
EndProject
Project("{9A19103F-16F7-4668-BE54-9A1E7A4F7556}") = "Feladat_06.1", "Feladat_06.1\Feladat_06.1.csproj", "{E176E882-D7C1-4EFB-BDF7-9900838765A2}"
EndProject
Project("{9A19103F-16F7-4668-BE54-9A1E7A4F7556}") = "Feladat_06.2", "Feladat_06.2\Feladat_06.2.csproj", "{20C7EF2B-B157-4230-91D4-456F5232F941}"
EndProject
Project("{9A19103F-16F7-4668-BE54-9A1E7A4F7556}") = "Feladat_07.1", "Feladat_07.1\Feladat_07.1.csproj", "{5DAE3864-FD4B-4B79-A52A-C2CB8D97F054}"
EndProject
Project("{9A19103F-16F7-4668-BE54-9A1E7A4F7556}") = "Feladat_07.2", "Feladat_07.2\Feladat_07.2.csproj", "{48B4779B-D23E-4946-8525-2F328C8B7832}"
EndProject
Project("{9A19103F-16F7-4668-BE54-9A1E7A4F7556}") = "Feladat_08.1", "Feladat_08.1\Feladat_08.1.csproj", "{A655D407-052F-4EC5-9A50-9CB8549980BC}"
EndProject
Project("{9A19103F-16F7-4668-BE54-9A1E7A4F7556}") = "Feladat_08.2", "Feladat_08.2\Feladat_08.2.csproj", "{2DF5F89A-F446-4B28-A5EF-E3FD71A6D91D}"
EndProject
Project("{9A19103F-16F7-4668-BE54-9A1E7A4F7556}") = "Feladat_09.1", "Feladat_09.1\Feladat_09.1.csproj", "{9470D96E-312F-42B7-8ECC-968E4F008E02}"
EndProject
Project("{9A19103F-16F7-4668-BE54-9A1E7A4F7556}") = "Feladat_09.2", "Feladat_09.2\Feladat_09.2.csproj", "{8BE8E85F-F0D9-429D-AC98-203BF2A162F1}"
EndProject
Project("{9A19103F-16F7-4668-BE54-9A1E7A4F7556}") = "Feladat_10.1", "Feladat_10.1\Feladat_10.1.csproj", "{D73DEF89-6068-49B6-AB93-ACD3493FFBDD}"
EndProject
Project("{9A19103F-16F7-4668-BE54-9A1E7A4F7556}") = "Feladat_10.2", "Feladat_10.2\Feladat_10.2.csproj", "{8FA71BF2-F4C6-4565-BB90-8C2FAC817925}"
EndProject
Project("{9A19103F-16F7-4668-BE54-9A1E7A4F7556}") = "Feladat_11.1", "Feladat_11.1\Feladat_11.1.csproj", "{56067BDA-52B0-4A49-9B40-A6DDF0E45DF5}"
EndProject
Project("{9A19103F-16F7-4668-BE54-9A1E7A4F7556}") = "Feladat_11.2", "Feladat_11.2\Feladat_11.2.csproj", "{716217C8-5237-4F9F-82C1-FEC4DE98A787}"
EndProject
Global
	GlobalSection(SolutionConfigurationPlatforms) = preSolution
		Debug|Any CPU = Debug|Any CPU
		Release|Any CPU = Release|Any CPU
	EndGlobalSection
	GlobalSection(ProjectConfigurationPlatforms) = postSolution
		{D307FDCE-AC27-4477-A7EF-60920D9739A5}.Debug|Any CPU.ActiveCfg = Debug|Any CPU
		{D307FDCE-AC27-4477-A7EF-60920D9739A5}.Debug|Any CPU.Build.0 = Debug|Any CPU
		{D307FDCE-AC27-4477-A7EF-60920D9739A5}.Release|Any CPU.ActiveCfg = Release|Any CPU
		{D307FDCE-AC27-4477-A7EF-60920D9739A5}.Release|Any CPU.Build.0 = Release|Any CPU
		{5EB76F9F-BA10-4607-BB2E-69C61868E8E6}.Debug|Any CPU.ActiveCfg = Debug|Any CPU
		{5EB76F9F-BA10-4607-BB2E-69C61868E8E6}.Debug|Any CPU.Build.0 = Debug|Any CPU
		{5EB76F9F-BA10-4607-BB2E-69C61868E8E6}.Release|Any CPU.ActiveCfg = Release|Any CPU
		{5EB76F9F-BA10-4607-BB2E-69C61868E8E6}.Release|Any CPU.Build.0 = Release|Any CPU
		{1F6EC71F-C638-456B-BEAE-B37CCD9E0FD0}.Debug|Any CPU.ActiveCfg = Debug|Any CPU
		{1F6EC71F-C638-456B-BEAE-B37CCD9E0FD0}.Debug|Any CPU.Build.0 = Debug|Any CPU
		{1F6EC71F-C638-456B-BEAE-B37CCD9E0FD0}.Release|Any CPU.ActiveCfg = Release|Any CPU
		{1F6EC71F-C638-456B-BEAE-B37CCD9E0FD0}.Release|Any CPU.Build.0 = Release|Any CPU
		{E5925B40-B97F-47AD-B916-D9B42D204ACD}.Debug|Any CPU.ActiveCfg = Debug|Any CPU
		{E5925B40-B97F-47AD-B916-D9B42D204ACD}.Debug|Any CPU.Build.0 = Debug|Any CPU
		{E5925B40-B97F-47AD-B916-D9B42D204ACD}.Release|Any CPU.ActiveCfg = Release|Any CPU
		{E5925B40-B97F-47AD-B916-D9B42D204ACD}.Release|Any CPU.Build.0 = Release|Any CPU
		{34256272-1CE9-4E43-991D-BBC7E4C4062F}.Debug|Any CPU.ActiveCfg = Debug|Any CPU
		{34256272-1CE9-4E43-991D-BBC7E4C4062F}.Debug|Any CPU.Build.0 = Debug|Any CPU
		{34256272-1CE9-4E43-991D-BBC7E4C4062F}.Release|Any CPU.ActiveCfg = Release|Any CPU
		{34256272-1CE9-4E43-991D-BBC7E4C4062F}.Release|Any CPU.Build.0 = Release|Any CPU
		{49FAD219-33F1-4487-98CF-C848564BEE9C}.Debug|Any CPU.ActiveCfg = Debug|Any CPU
		{49FAD219-33F1-4487-98CF-C848564BEE9C}.Debug|Any CPU.Build.0 = Debug|Any CPU
		{49FAD219-33F1-4487-98CF-C848564BEE9C}.Release|Any CPU.ActiveCfg = Release|Any CPU
		{49FAD219-33F1-4487-98CF-C848564BEE9C}.Release|Any CPU.Build.0 = Release|Any CPU
		{40854088-C547-4DDB-9DBC-C7F76C05F00D}.Debug|Any CPU.ActiveCfg = Debug|Any CPU
		{40854088-C547-4DDB-9DBC-C7F76C05F00D}.Debug|Any CPU.Build.0 = Debug|Any CPU
		{40854088-C547-4DDB-9DBC-C7F76C05F00D}.Release|Any CPU.ActiveCfg = Release|Any CPU
		{40854088-C547-4DDB-9DBC-C7F76C05F00D}.Release|Any CPU.Build.0 = Release|Any CPU
		{CCB8D3E3-BC3D-4FC1-BC4F-768C9EDC8BEF}.Debug|Any CPU.ActiveCfg = Debug|Any CPU
		{CCB8D3E3-BC3D-4FC1-BC4F-768C9EDC8BEF}.Debug|Any CPU.Build.0 = Debug|Any CPU
		{CCB8D3E3-BC3D-4FC1-BC4F-768C9EDC8BEF}.Release|Any CPU.ActiveCfg = Release|Any CPU
		{CCB8D3E3-BC3D-4FC1-BC4F-768C9EDC8BEF}.Release|Any CPU.Build.0 = Release|Any CPU
		{BA039578-BA2B-46BB-B727-7A79C3EC7228}.Debug|Any CPU.ActiveCfg = Debug|Any CPU
		{BA039578-BA2B-46BB-B727-7A79C3EC7228}.Debug|Any CPU.Build.0 = Debug|Any CPU
		{BA039578-BA2B-46BB-B727-7A79C3EC7228}.Release|Any CPU.ActiveCfg = Release|Any CPU
		{BA039578-BA2B-46BB-B727-7A79C3EC7228}.Release|Any CPU.Build.0 = Release|Any CPU
		{D22D0649-4B8B-4B83-8FC3-ACA0BAC9A165}.Debug|Any CPU.ActiveCfg = Debug|Any CPU
		{D22D0649-4B8B-4B83-8FC3-ACA0BAC9A165}.Debug|Any CPU.Build.0 = Debug|Any CPU
		{D22D0649-4B8B-4B83-8FC3-ACA0BAC9A165}.Release|Any CPU.ActiveCfg = Release|Any CPU
		{D22D0649-4B8B-4B83-8FC3-ACA0BAC9A165}.Release|Any CPU.Build.0 = Release|Any CPU
		{E176E882-D7C1-4EFB-BDF7-9900838765A2}.Debug|Any CPU.ActiveCfg = Debug|Any CPU
		{E176E882-D7C1-4EFB-BDF7-9900838765A2}.Debug|Any CPU.Build.0 = Debug|Any CPU
		{E176E882-D7C1-4EFB-BDF7-9900838765A2}.Release|Any CPU.ActiveCfg = Release|Any CPU
		{E176E882-D7C1-4EFB-BDF7-9900838765A2}.Release|Any CPU.Build.0 = Release|Any CPU
		{20C7EF2B-B157-4230-91D4-456F5232F941}.Debug|Any CPU.ActiveCfg = Debug|Any CPU
		{20C7EF2B-B157-4230-91D4-456F5232F941}.Debug|Any CPU.Build.0 = Debug|Any CPU
		{20C7EF2B-B157-4230-91D4-456F5232F941}.Release|Any CPU.ActiveCfg = Release|Any CPU
		{20C7EF2B-B157-4230-91D4-456F5232F941}.Release|Any CPU.Build.0 = Release|Any CPU
		{5DAE3864-FD4B-4B79-A52A-C2CB8D97F054}.Debug|Any CPU.ActiveCfg = Debug|Any CPU
		{5DAE3864-FD4B-4B79-A52A-C2CB8D97F054}.Debug|Any CPU.Build.0 = Debug|Any CPU
		{5DAE3864-FD4B-4B79-A52A-C2CB8D97F054}.Release|Any CPU.ActiveCfg = Release|Any CPU
		{5DAE3864-FD4B-4B79-A52A-C2CB8D97F054}.Release|Any CPU.Build.0 = Release|Any CPU
		{48B4779B-D23E-4946-8525-2F328C8B7832}.Debug|Any CPU.ActiveCfg = Debug|Any CPU
		{48B4779B-D23E-4946-8525-2F328C8B7832}.Debug|Any CPU.Build.0 = Debug|Any CPU
		{48B4779B-D23E-4946-8525-2F328C8B7832}.Release|Any CPU.ActiveCfg = Release|Any CPU
		{48B4779B-D23E-4946-8525-2F328C8B7832}.Release|Any CPU.Build.0 = Release|Any CPU
		{A655D407-052F-4EC5-9A50-9CB8549980BC}.Debug|Any CPU.ActiveCfg = Debug|Any CPU
		{A655D407-052F-4EC5-9A50-9CB8549980BC}.Debug|Any CPU.Build.0 = Debug|Any CPU
		{A655D407-052F-4EC5-9A50-9CB8549980BC}.Release|Any CPU.ActiveCfg = Release|Any CPU
		{A655D407-052F-4EC5-9A50-9CB8549980BC}.Release|Any CPU.Build.0 = Release|Any CPU
		{2DF5F89A-F446-4B28-A5EF-E3FD71A6D91D}.Debug|Any CPU.ActiveCfg = Debug|Any CPU
		{2DF5F89A-F446-4B28-A5EF-E3FD71A6D91D}.Debug|Any CPU.Build.0 = Debug|Any CPU
		{2DF5F89A-F446-4B28-A5EF-E3FD71A6D91D}.Release|Any CPU.ActiveCfg = Release|Any CPU
		{2DF5F89A-F446-4B28-A5EF-E3FD71A6D91D}.Release|Any CPU.Build.0 = Release|Any CPU
		{9470D96E-312F-42B7-8ECC-968E4F008E02}.Debug|Any CPU.ActiveCfg = Debug|Any CPU
		{9470D96E-312F-42B7-8ECC-968E4F008E02}.Debug|Any CPU.Build.0 = Debug|Any CPU
		{9470D96E-312F-42B7-8ECC-968E4F008E02}.Release|Any CPU.ActiveCfg = Release|Any CPU
		{9470D96E-312F-42B7-8ECC-968E4F008E02}.Release|Any CPU.Build.0 = Release|Any CPU
		{8BE8E85F-F0D9-429D-AC98-203BF2A162F1}.Debug|Any CPU.ActiveCfg = Debug|Any CPU
		{8BE8E85F-F0D9-429D-AC98-203BF2A162F1}.Debug|Any CPU.Build.0 = Debug|Any CPU
		{8BE8E85F-F0D9-429D-AC98-203BF2A162F1}.Release|Any CPU.ActiveCfg = Release|Any CPU
		{8BE8E85F-F0D9-429D-AC98-203BF2A162F1}.Release|Any CPU.Build.0 = Release|Any CPU
		{D73DEF89-6068-49B6-AB93-ACD3493FFBDD}.Debug|Any CPU.ActiveCfg = Debug|Any CPU
		{D73DEF89-6068-49B6-AB93-ACD3493FFBDD}.Debug|Any CPU.Build.0 = Debug|Any CPU
		{D73DEF89-6068-49B6-AB93-ACD3493FFBDD}.Release|Any CPU.ActiveCfg = Release|Any CPU
		{D73DEF89-6068-49B6-AB93-ACD3493FFBDD}.Release|Any CPU.Build.0 = Release|Any CPU
		{8FA71BF2-F4C6-4565-BB90-8C2FAC817925}.Debug|Any CPU.ActiveCfg = Debug|Any CPU
		{8FA71BF2-F4C6-4565-BB90-8C2FAC817925}.Debug|Any CPU.Build.0 = Debug|Any CPU
		{8FA71BF2-F4C6-4565-BB90-8C2FAC817925}.Release|Any CPU.ActiveCfg = Release|Any CPU
		{8FA71BF2-F4C6-4565-BB90-8C2FAC817925}.Release|Any CPU.Build.0 = Release|Any CPU
		{56067BDA-52B0-4A49-9B40-A6DDF0E45DF5}.Debug|Any CPU.ActiveCfg = Debug|Any CPU
		{56067BDA-52B0-4A49-9B40-A6DDF0E45DF5}.Debug|Any CPU.Build.0 = Debug|Any CPU
		{56067BDA-52B0-4A49-9B40-A6DDF0E45DF5}.Release|Any CPU.ActiveCfg = Release|Any CPU
		{56067BDA-52B0-4A49-9B40-A6DDF0E45DF5}.Release|Any CPU.Build.0 = Release|Any CPU
		{716217C8-5237-4F9F-82C1-FEC4DE98A787}.Debug|Any CPU.ActiveCfg = Debug|Any CPU
		{716217C8-5237-4F9F-82C1-FEC4DE98A787}.Debug|Any CPU.Build.0 = Debug|Any CPU
		{716217C8-5237-4F9F-82C1-FEC4DE98A787}.Release|Any CPU.ActiveCfg = Release|Any CPU
		{716217C8-5237-4F9F-82C1-FEC4DE98A787}.Release|Any CPU.Build.0 = Release|Any CPU
	EndGlobalSection
	GlobalSection(SolutionProperties) = preSolution
		HideSolutionNode = FALSE
	EndGlobalSection
	GlobalSection(ExtensibilityGlobals) = postSolution
		SolutionGuid = {0857A1C0-010B-4612-870B-6A900437C52A}
	EndGlobalSection
EndGlobal
