
Microsoft Visual Studio Solution File, Format Version 12.00
# Visual Studio Version 17
VisualStudioVersion = 17.7.34003.232
MinimumVisualStudioVersion = 10.0.40219.1
Project("{FAE04EC0-301F-11D3-BF4B-00C04F79EFBC}") = "Autokereskedes", "Autokereskedes\Autokereskedes.csproj", "{81DFAFA5-CCA5-448D-80EE-545DC4C58F75}"
EndProject
Global
	GlobalSection(SolutionConfigurationPlatforms) = preSolution
		Debug|Any CPU = Debug|Any CPU
		Release|Any CPU = Release|Any CPU
	EndGlobalSection
	GlobalSection(ProjectConfigurationPlatforms) = postSolution
		{81DFAFA5-CCA5-448D-80EE-545DC4C58F75}.Debug|Any CPU.ActiveCfg = Debug|Any CPU
		{81DFAFA5-CCA5-448D-80EE-545DC4C58F75}.Debug|Any CPU.Build.0 = Debug|Any CPU
		{81DFAFA5-CCA5-448D-80EE-545DC4C58F75}.Release|Any CPU.ActiveCfg = Release|Any CPU
		{81DFAFA5-CCA5-448D-80EE-545DC4C58F75}.Release|Any CPU.Build.0 = Release|Any CPU
	EndGlobalSection
	GlobalSection(SolutionProperties) = preSolution
		HideSolutionNode = FALSE
	EndGlobalSection
	GlobalSection(ExtensibilityGlobals) = postSolution
		SolutionGuid = {BD2180B4-0A58-4CFD-AE90-F19B32EEE663}
	EndGlobalSection
EndGlobal
