
Microsoft Visual Studio Solution File, Format Version 12.00
# Visual Studio Version 17
VisualStudioVersion = 17.7.34003.232
MinimumVisualStudioVersion = 10.0.40219.1
Project("{9A19103F-16F7-4668-BE54-9A1E7A4F7556}") = "Feladat_00", "Feladat_00\Feladat_00.csproj", "{ECEE9A93-35CA-461C-91B7-FC39024717B2}"
EndProject
Project("{9A19103F-16F7-4668-BE54-9A1E7A4F7556}") = "IOLibrary", "IOLibrary\IOLibrary.csproj", "{54C88CAA-31FE-49D2-81FD-BF0450066D05}"
EndProject
Project("{9A19103F-16F7-4668-BE54-9A1E7A4F7556}") = "Feladat_01", "Feladat_01\Feladat_01.csproj", "{170E432B-37F5-4447-BE03-7A55E4DAC624}"
EndProject
Project("{9A19103F-16F7-4668-BE54-9A1E7A4F7556}") = "Feladat_02", "Feladat_02\Feladat_02.csproj", "{43545058-B374-437A-A3C2-37D945A31685}"
EndProject
Project("{9A19103F-16F7-4668-BE54-9A1E7A4F7556}") = "Feladat_03", "Feladat_03\Feladat_03.csproj", "{902BDE55-5E48-4D8C-875A-3D4F1D209161}"
EndProject
Project("{9A19103F-16F7-4668-BE54-9A1E7A4F7556}") = "Feladat_04", "Feladat_04\Feladat_04.csproj", "{60C7C10D-DD85-48BC-A8D1-91D1AE3F043D}"
EndProject
Project("{9A19103F-16F7-4668-BE54-9A1E7A4F7556}") = "Feladat_05", "Feladat_05\Feladat_05.csproj", "{4E53F229-54C5-43CA-85E6-6F471991D5A6}"
EndProject
Project("{9A19103F-16F7-4668-BE54-9A1E7A4F7556}") = "CustomLibrary", "CustomLibrary\CustomLibrary.csproj", "{E6ABE744-D752-4E38-8E89-E02218291D1C}"
EndProject
Project("{9A19103F-16F7-4668-BE54-9A1E7A4F7556}") = "Feladat_06", "Feladat_06\Feladat_06.csproj", "{C3FB01E5-BD76-4319-8B38-0A18EB20C3C5}"
EndProject
Project("{9A19103F-16F7-4668-BE54-9A1E7A4F7556}") = "Feladat_08", "Feladat_08\Feladat_08.csproj", "{76C47A32-EADE-480F-BFD2-F57F8A42EE10}"
EndProject
Project("{9A19103F-16F7-4668-BE54-9A1E7A4F7556}") = "Feladat_09", "Feladat_09\Feladat_09.csproj", "{AF154DE1-F946-49B1-9C1B-EEB26E2B8136}"
EndProject
Project("{9A19103F-16F7-4668-BE54-9A1E7A4F7556}") = "Feladat_09.m", "Feladat_09.m\Feladat_09.m.csproj", "{C3535EF5-006D-4325-B255-C98D723E85CC}"
EndProject
Project("{FAE04EC0-301F-11D3-BF4B-00C04F79EFBC}") = "Feladat_11", "Feladat_11\Feladat_11.csproj", "{8713F5AF-72CD-483E-9F88-B7F4E5D4996B}"
EndProject
Project("{FAE04EC0-301F-11D3-BF4B-00C04F79EFBC}") = "Feladat_06.2", "Feladat_06.2\Feladat_06.2.csproj", "{E421F60F-9492-49E5-ACC3-A316C3ABAD78}"
EndProject
Project("{FAE04EC0-301F-11D3-BF4B-00C04F79EFBC}") = "Feladat_07.2", "Feladat_07.2\Feladat_07.2.csproj", "{B03E3ED6-E7F8-4F37-9266-9285C01B01D7}"
EndProject
Project("{FAE04EC0-301F-11D3-BF4B-00C04F79EFBC}") = "Feladat_08.2", "Feladat_08.2\Feladat_08.2.csproj", "{8E277464-9E19-494E-B999-95E2CF3899B1}"
EndProject
Global
	GlobalSection(SolutionConfigurationPlatforms) = preSolution
		Debug|Any CPU = Debug|Any CPU
		Release|Any CPU = Release|Any CPU
	EndGlobalSection
	GlobalSection(ProjectConfigurationPlatforms) = postSolution
		{ECEE9A93-35CA-461C-91B7-FC39024717B2}.Debug|Any CPU.ActiveCfg = Debug|Any CPU
		{ECEE9A93-35CA-461C-91B7-FC39024717B2}.Debug|Any CPU.Build.0 = Debug|Any CPU
		{ECEE9A93-35CA-461C-91B7-FC39024717B2}.Release|Any CPU.ActiveCfg = Release|Any CPU
		{ECEE9A93-35CA-461C-91B7-FC39024717B2}.Release|Any CPU.Build.0 = Release|Any CPU
		{54C88CAA-31FE-49D2-81FD-BF0450066D05}.Debug|Any CPU.ActiveCfg = Debug|Any CPU
		{54C88CAA-31FE-49D2-81FD-BF0450066D05}.Debug|Any CPU.Build.0 = Debug|Any CPU
		{54C88CAA-31FE-49D2-81FD-BF0450066D05}.Release|Any CPU.ActiveCfg = Release|Any CPU
		{54C88CAA-31FE-49D2-81FD-BF0450066D05}.Release|Any CPU.Build.0 = Release|Any CPU
		{170E432B-37F5-4447-BE03-7A55E4DAC624}.Debug|Any CPU.ActiveCfg = Debug|Any CPU
		{170E432B-37F5-4447-BE03-7A55E4DAC624}.Debug|Any CPU.Build.0 = Debug|Any CPU
		{170E432B-37F5-4447-BE03-7A55E4DAC624}.Release|Any CPU.ActiveCfg = Release|Any CPU
		{170E432B-37F5-4447-BE03-7A55E4DAC624}.Release|Any CPU.Build.0 = Release|Any CPU
		{43545058-B374-437A-A3C2-37D945A31685}.Debug|Any CPU.ActiveCfg = Debug|Any CPU
		{43545058-B374-437A-A3C2-37D945A31685}.Debug|Any CPU.Build.0 = Debug|Any CPU
		{43545058-B374-437A-A3C2-37D945A31685}.Release|Any CPU.ActiveCfg = Release|Any CPU
		{43545058-B374-437A-A3C2-37D945A31685}.Release|Any CPU.Build.0 = Release|Any CPU
		{902BDE55-5E48-4D8C-875A-3D4F1D209161}.Debug|Any CPU.ActiveCfg = Debug|Any CPU
		{902BDE55-5E48-4D8C-875A-3D4F1D209161}.Debug|Any CPU.Build.0 = Debug|Any CPU
		{902BDE55-5E48-4D8C-875A-3D4F1D209161}.Release|Any CPU.ActiveCfg = Release|Any CPU
		{902BDE55-5E48-4D8C-875A-3D4F1D209161}.Release|Any CPU.Build.0 = Release|Any CPU
		{60C7C10D-DD85-48BC-A8D1-91D1AE3F043D}.Debug|Any CPU.ActiveCfg = Debug|Any CPU
		{60C7C10D-DD85-48BC-A8D1-91D1AE3F043D}.Debug|Any CPU.Build.0 = Debug|Any CPU
		{60C7C10D-DD85-48BC-A8D1-91D1AE3F043D}.Release|Any CPU.ActiveCfg = Release|Any CPU
		{60C7C10D-DD85-48BC-A8D1-91D1AE3F043D}.Release|Any CPU.Build.0 = Release|Any CPU
		{4E53F229-54C5-43CA-85E6-6F471991D5A6}.Debug|Any CPU.ActiveCfg = Debug|Any CPU
		{4E53F229-54C5-43CA-85E6-6F471991D5A6}.Debug|Any CPU.Build.0 = Debug|Any CPU
		{4E53F229-54C5-43CA-85E6-6F471991D5A6}.Release|Any CPU.ActiveCfg = Release|Any CPU
		{4E53F229-54C5-43CA-85E6-6F471991D5A6}.Release|Any CPU.Build.0 = Release|Any CPU
		{E6ABE744-D752-4E38-8E89-E02218291D1C}.Debug|Any CPU.ActiveCfg = Debug|Any CPU
		{E6ABE744-D752-4E38-8E89-E02218291D1C}.Debug|Any CPU.Build.0 = Debug|Any CPU
		{E6ABE744-D752-4E38-8E89-E02218291D1C}.Release|Any CPU.ActiveCfg = Release|Any CPU
		{E6ABE744-D752-4E38-8E89-E02218291D1C}.Release|Any CPU.Build.0 = Release|Any CPU
		{C3FB01E5-BD76-4319-8B38-0A18EB20C3C5}.Debug|Any CPU.ActiveCfg = Debug|Any CPU
		{C3FB01E5-BD76-4319-8B38-0A18EB20C3C5}.Debug|Any CPU.Build.0 = Debug|Any CPU
		{C3FB01E5-BD76-4319-8B38-0A18EB20C3C5}.Release|Any CPU.ActiveCfg = Release|Any CPU
		{C3FB01E5-BD76-4319-8B38-0A18EB20C3C5}.Release|Any CPU.Build.0 = Release|Any CPU
		{76C47A32-EADE-480F-BFD2-F57F8A42EE10}.Debug|Any CPU.ActiveCfg = Debug|Any CPU
		{76C47A32-EADE-480F-BFD2-F57F8A42EE10}.Debug|Any CPU.Build.0 = Debug|Any CPU
		{76C47A32-EADE-480F-BFD2-F57F8A42EE10}.Release|Any CPU.ActiveCfg = Release|Any CPU
		{76C47A32-EADE-480F-BFD2-F57F8A42EE10}.Release|Any CPU.Build.0 = Release|Any CPU
		{AF154DE1-F946-49B1-9C1B-EEB26E2B8136}.Debug|Any CPU.ActiveCfg = Debug|Any CPU
		{AF154DE1-F946-49B1-9C1B-EEB26E2B8136}.Debug|Any CPU.Build.0 = Debug|Any CPU
		{AF154DE1-F946-49B1-9C1B-EEB26E2B8136}.Release|Any CPU.ActiveCfg = Release|Any CPU
		{AF154DE1-F946-49B1-9C1B-EEB26E2B8136}.Release|Any CPU.Build.0 = Release|Any CPU
		{C3535EF5-006D-4325-B255-C98D723E85CC}.Debug|Any CPU.ActiveCfg = Debug|Any CPU
		{C3535EF5-006D-4325-B255-C98D723E85CC}.Debug|Any CPU.Build.0 = Debug|Any CPU
		{C3535EF5-006D-4325-B255-C98D723E85CC}.Release|Any CPU.ActiveCfg = Release|Any CPU
		{C3535EF5-006D-4325-B255-C98D723E85CC}.Release|Any CPU.Build.0 = Release|Any CPU
		{8713F5AF-72CD-483E-9F88-B7F4E5D4996B}.Debug|Any CPU.ActiveCfg = Debug|Any CPU
		{8713F5AF-72CD-483E-9F88-B7F4E5D4996B}.Debug|Any CPU.Build.0 = Debug|Any CPU
		{8713F5AF-72CD-483E-9F88-B7F4E5D4996B}.Release|Any CPU.ActiveCfg = Release|Any CPU
		{8713F5AF-72CD-483E-9F88-B7F4E5D4996B}.Release|Any CPU.Build.0 = Release|Any CPU
		{E421F60F-9492-49E5-ACC3-A316C3ABAD78}.Debug|Any CPU.ActiveCfg = Debug|Any CPU
		{E421F60F-9492-49E5-ACC3-A316C3ABAD78}.Debug|Any CPU.Build.0 = Debug|Any CPU
		{E421F60F-9492-49E5-ACC3-A316C3ABAD78}.Release|Any CPU.ActiveCfg = Release|Any CPU
		{E421F60F-9492-49E5-ACC3-A316C3ABAD78}.Release|Any CPU.Build.0 = Release|Any CPU
		{B03E3ED6-E7F8-4F37-9266-9285C01B01D7}.Debug|Any CPU.ActiveCfg = Debug|Any CPU
		{B03E3ED6-E7F8-4F37-9266-9285C01B01D7}.Debug|Any CPU.Build.0 = Debug|Any CPU
		{B03E3ED6-E7F8-4F37-9266-9285C01B01D7}.Release|Any CPU.ActiveCfg = Release|Any CPU
		{B03E3ED6-E7F8-4F37-9266-9285C01B01D7}.Release|Any CPU.Build.0 = Release|Any CPU
		{8E277464-9E19-494E-B999-95E2CF3899B1}.Debug|Any CPU.ActiveCfg = Debug|Any CPU
		{8E277464-9E19-494E-B999-95E2CF3899B1}.Debug|Any CPU.Build.0 = Debug|Any CPU
		{8E277464-9E19-494E-B999-95E2CF3899B1}.Release|Any CPU.ActiveCfg = Release|Any CPU
		{8E277464-9E19-494E-B999-95E2CF3899B1}.Release|Any CPU.Build.0 = Release|Any CPU
	EndGlobalSection
	GlobalSection(SolutionProperties) = preSolution
		HideSolutionNode = FALSE
	EndGlobalSection
	GlobalSection(ExtensibilityGlobals) = postSolution
		SolutionGuid = {F746A45B-855E-4FED-887C-84DB6D982B27}
	EndGlobalSection
EndGlobal
