
Microsoft Visual Studio Solution File, Format Version 12.00
# Visual Studio Version 17
VisualStudioVersion = 17.7.34003.232
MinimumVisualStudioVersion = 10.0.40219.1
Project("{9A19103F-16F7-4668-BE54-9A1E7A4F7556}") = "Feladat1.1", "Feladat1.1\Feladat1.1.csproj", "{30EC694B-DA34-4513-839A-850FD4DDB965}"
EndProject
Project("{9A19103F-16F7-4668-BE54-9A1E7A4F7556}") = "Feladat1.2", "Feladat1.2\Feladat1.2.csproj", "{ED7097B8-0BD2-49CA-8B36-6EE43A4D689C}"
EndProject
Project("{9A19103F-16F7-4668-BE54-9A1E7A4F7556}") = "Feladat2.1", "Feladat2.1\Feladat2.1.csproj", "{B85384E9-6DC1-41E4-8B01-61441972ADB3}"
EndProject
Project("{9A19103F-16F7-4668-BE54-9A1E7A4F7556}") = "Feladat2.2", "Feladat2.2\Feladat2.2.csproj", "{F4810BF8-3BA3-482D-B649-5CE29447CF8B}"
EndProject
Project("{9A19103F-16F7-4668-BE54-9A1E7A4F7556}") = "Feladat3.1", "Feladat3.1\Feladat3.1.csproj", "{8E5BDB30-D130-4C0F-BB48-59F62EC8B4A3}"
EndProject
Project("{9A19103F-16F7-4668-BE54-9A1E7A4F7556}") = "Feladat4.1", "Feladat4.1\Feladat4.1.csproj", "{0A473C04-544C-4073-9C49-2909B6913478}"
EndProject
Project("{9A19103F-16F7-4668-BE54-9A1E7A4F7556}") = "Feladat5.1", "Feladat5.1\Feladat5.1.csproj", "{1ECBC729-8710-41C1-8AC5-C9FF4FF5D1C2}"
EndProject
Project("{9A19103F-16F7-4668-BE54-9A1E7A4F7556}") = "Feladat6.1", "Feladat6.1\Feladat6.1.csproj", "{A8D19373-6ED9-4CE0-AD94-3F3B8BC4EDA3}"
EndProject
Project("{9A19103F-16F7-4668-BE54-9A1E7A4F7556}") = "Feladat7.1", "Feladat7.1\Feladat7.1.csproj", "{B0A106DF-B4BF-436D-82B8-1FDDEB415D57}"
EndProject
Project("{9A19103F-16F7-4668-BE54-9A1E7A4F7556}") = "Feladat8.1", "Feladat8.1\Feladat8.1.csproj", "{1DFDB8D4-0D8B-4EE3-9289-1446EB2EC1CB}"
EndProject
Project("{9A19103F-16F7-4668-BE54-9A1E7A4F7556}") = "Feladat9.1", "Feladat9.1\Feladat9.1.csproj", "{F9D089CD-FF8A-4E81-AAF7-438E4625ADFC}"
EndProject
Project("{9A19103F-16F7-4668-BE54-9A1E7A4F7556}") = "Feladat10.1", "Feladat10.1\Feladat10.1.csproj", "{DEF343B0-2F3B-4E1C-B894-B830469F1BBF}"
EndProject
Project("{9A19103F-16F7-4668-BE54-9A1E7A4F7556}") = "Feladat11.1", "Feladat11.1\Feladat11.1.csproj", "{1F4511B6-6429-41C8-AFDF-4EAA5841B9F7}"
EndProject
Project("{9A19103F-16F7-4668-BE54-9A1E7A4F7556}") = "Feladat3.2", "Feladat3.2\Feladat3.2.csproj", "{9B4DC919-73AD-4255-8AC0-016ED54E98AB}"
EndProject
Project("{9A19103F-16F7-4668-BE54-9A1E7A4F7556}") = "Feladat4.2", "Feladat4.2\Feladat4.2.csproj", "{335E83A1-97F3-421E-B63C-BB6990B693E3}"
EndProject
Project("{9A19103F-16F7-4668-BE54-9A1E7A4F7556}") = "Feladat5.2", "Feladat5.2\Feladat5.2.csproj", "{B3980AE7-9B58-4808-AAF8-65F53BC39C64}"
EndProject
Project("{9A19103F-16F7-4668-BE54-9A1E7A4F7556}") = "Feladat6.2", "Feladat6.2\Feladat6.2.csproj", "{B59191D2-5295-41CF-88E6-FE49ADD97757}"
EndProject
Project("{9A19103F-16F7-4668-BE54-9A1E7A4F7556}") = "Feladat7.2", "Feladat7.2\Feladat7.2.csproj", "{5CD46714-C0B7-448B-ABDE-6E7D410BE035}"
EndProject
Project("{9A19103F-16F7-4668-BE54-9A1E7A4F7556}") = "Feladat8.2", "Feladat8.2\Feladat8.2.csproj", "{59201E72-0BCC-4E10-ACD7-7B9168C5F817}"
EndProject
Project("{9A19103F-16F7-4668-BE54-9A1E7A4F7556}") = "Feladat9.2", "Feladat9.2\Feladat9.2.csproj", "{45B46691-8729-4120-9B33-F135746787FE}"
EndProject
Project("{9A19103F-16F7-4668-BE54-9A1E7A4F7556}") = "Feladat10.2", "Feladat10.2\Feladat10.2.csproj", "{F7CF15D5-E13A-4EF8-84FC-0DC9D12FF563}"
EndProject
Project("{9A19103F-16F7-4668-BE54-9A1E7A4F7556}") = "Feladat11.2", "Feladat11.2\Feladat11.2.csproj", "{7E9BBCB1-72F4-4876-81FA-6DB712BAE809}"
EndProject
Global
	GlobalSection(SolutionConfigurationPlatforms) = preSolution
		Debug|Any CPU = Debug|Any CPU
		Release|Any CPU = Release|Any CPU
	EndGlobalSection
	GlobalSection(ProjectConfigurationPlatforms) = postSolution
		{30EC694B-DA34-4513-839A-850FD4DDB965}.Debug|Any CPU.ActiveCfg = Debug|Any CPU
		{30EC694B-DA34-4513-839A-850FD4DDB965}.Debug|Any CPU.Build.0 = Debug|Any CPU
		{30EC694B-DA34-4513-839A-850FD4DDB965}.Release|Any CPU.ActiveCfg = Release|Any CPU
		{30EC694B-DA34-4513-839A-850FD4DDB965}.Release|Any CPU.Build.0 = Release|Any CPU
		{ED7097B8-0BD2-49CA-8B36-6EE43A4D689C}.Debug|Any CPU.ActiveCfg = Debug|Any CPU
		{ED7097B8-0BD2-49CA-8B36-6EE43A4D689C}.Debug|Any CPU.Build.0 = Debug|Any CPU
		{ED7097B8-0BD2-49CA-8B36-6EE43A4D689C}.Release|Any CPU.ActiveCfg = Release|Any CPU
		{ED7097B8-0BD2-49CA-8B36-6EE43A4D689C}.Release|Any CPU.Build.0 = Release|Any CPU
		{B85384E9-6DC1-41E4-8B01-61441972ADB3}.Debug|Any CPU.ActiveCfg = Debug|Any CPU
		{B85384E9-6DC1-41E4-8B01-61441972ADB3}.Debug|Any CPU.Build.0 = Debug|Any CPU
		{B85384E9-6DC1-41E4-8B01-61441972ADB3}.Release|Any CPU.ActiveCfg = Release|Any CPU
		{B85384E9-6DC1-41E4-8B01-61441972ADB3}.Release|Any CPU.Build.0 = Release|Any CPU
		{F4810BF8-3BA3-482D-B649-5CE29447CF8B}.Debug|Any CPU.ActiveCfg = Debug|Any CPU
		{F4810BF8-3BA3-482D-B649-5CE29447CF8B}.Debug|Any CPU.Build.0 = Debug|Any CPU
		{F4810BF8-3BA3-482D-B649-5CE29447CF8B}.Release|Any CPU.ActiveCfg = Release|Any CPU
		{F4810BF8-3BA3-482D-B649-5CE29447CF8B}.Release|Any CPU.Build.0 = Release|Any CPU
		{8E5BDB30-D130-4C0F-BB48-59F62EC8B4A3}.Debug|Any CPU.ActiveCfg = Debug|Any CPU
		{8E5BDB30-D130-4C0F-BB48-59F62EC8B4A3}.Debug|Any CPU.Build.0 = Debug|Any CPU
		{8E5BDB30-D130-4C0F-BB48-59F62EC8B4A3}.Release|Any CPU.ActiveCfg = Release|Any CPU
		{8E5BDB30-D130-4C0F-BB48-59F62EC8B4A3}.Release|Any CPU.Build.0 = Release|Any CPU
		{0A473C04-544C-4073-9C49-2909B6913478}.Debug|Any CPU.ActiveCfg = Debug|Any CPU
		{0A473C04-544C-4073-9C49-2909B6913478}.Debug|Any CPU.Build.0 = Debug|Any CPU
		{0A473C04-544C-4073-9C49-2909B6913478}.Release|Any CPU.ActiveCfg = Release|Any CPU
		{0A473C04-544C-4073-9C49-2909B6913478}.Release|Any CPU.Build.0 = Release|Any CPU
		{1ECBC729-8710-41C1-8AC5-C9FF4FF5D1C2}.Debug|Any CPU.ActiveCfg = Debug|Any CPU
		{1ECBC729-8710-41C1-8AC5-C9FF4FF5D1C2}.Debug|Any CPU.Build.0 = Debug|Any CPU
		{1ECBC729-8710-41C1-8AC5-C9FF4FF5D1C2}.Release|Any CPU.ActiveCfg = Release|Any CPU
		{1ECBC729-8710-41C1-8AC5-C9FF4FF5D1C2}.Release|Any CPU.Build.0 = Release|Any CPU
		{A8D19373-6ED9-4CE0-AD94-3F3B8BC4EDA3}.Debug|Any CPU.ActiveCfg = Debug|Any CPU
		{A8D19373-6ED9-4CE0-AD94-3F3B8BC4EDA3}.Debug|Any CPU.Build.0 = Debug|Any CPU
		{A8D19373-6ED9-4CE0-AD94-3F3B8BC4EDA3}.Release|Any CPU.ActiveCfg = Release|Any CPU
		{A8D19373-6ED9-4CE0-AD94-3F3B8BC4EDA3}.Release|Any CPU.Build.0 = Release|Any CPU
		{B0A106DF-B4BF-436D-82B8-1FDDEB415D57}.Debug|Any CPU.ActiveCfg = Debug|Any CPU
		{B0A106DF-B4BF-436D-82B8-1FDDEB415D57}.Debug|Any CPU.Build.0 = Debug|Any CPU
		{B0A106DF-B4BF-436D-82B8-1FDDEB415D57}.Release|Any CPU.ActiveCfg = Release|Any CPU
		{B0A106DF-B4BF-436D-82B8-1FDDEB415D57}.Release|Any CPU.Build.0 = Release|Any CPU
		{1DFDB8D4-0D8B-4EE3-9289-1446EB2EC1CB}.Debug|Any CPU.ActiveCfg = Debug|Any CPU
		{1DFDB8D4-0D8B-4EE3-9289-1446EB2EC1CB}.Debug|Any CPU.Build.0 = Debug|Any CPU
		{1DFDB8D4-0D8B-4EE3-9289-1446EB2EC1CB}.Release|Any CPU.ActiveCfg = Release|Any CPU
		{1DFDB8D4-0D8B-4EE3-9289-1446EB2EC1CB}.Release|Any CPU.Build.0 = Release|Any CPU
		{F9D089CD-FF8A-4E81-AAF7-438E4625ADFC}.Debug|Any CPU.ActiveCfg = Debug|Any CPU
		{F9D089CD-FF8A-4E81-AAF7-438E4625ADFC}.Debug|Any CPU.Build.0 = Debug|Any CPU
		{F9D089CD-FF8A-4E81-AAF7-438E4625ADFC}.Release|Any CPU.ActiveCfg = Release|Any CPU
		{F9D089CD-FF8A-4E81-AAF7-438E4625ADFC}.Release|Any CPU.Build.0 = Release|Any CPU
		{DEF343B0-2F3B-4E1C-B894-B830469F1BBF}.Debug|Any CPU.ActiveCfg = Debug|Any CPU
		{DEF343B0-2F3B-4E1C-B894-B830469F1BBF}.Debug|Any CPU.Build.0 = Debug|Any CPU
		{DEF343B0-2F3B-4E1C-B894-B830469F1BBF}.Release|Any CPU.ActiveCfg = Release|Any CPU
		{DEF343B0-2F3B-4E1C-B894-B830469F1BBF}.Release|Any CPU.Build.0 = Release|Any CPU
		{1F4511B6-6429-41C8-AFDF-4EAA5841B9F7}.Debug|Any CPU.ActiveCfg = Debug|Any CPU
		{1F4511B6-6429-41C8-AFDF-4EAA5841B9F7}.Debug|Any CPU.Build.0 = Debug|Any CPU
		{1F4511B6-6429-41C8-AFDF-4EAA5841B9F7}.Release|Any CPU.ActiveCfg = Release|Any CPU
		{1F4511B6-6429-41C8-AFDF-4EAA5841B9F7}.Release|Any CPU.Build.0 = Release|Any CPU
		{9B4DC919-73AD-4255-8AC0-016ED54E98AB}.Debug|Any CPU.ActiveCfg = Debug|Any CPU
		{9B4DC919-73AD-4255-8AC0-016ED54E98AB}.Debug|Any CPU.Build.0 = Debug|Any CPU
		{9B4DC919-73AD-4255-8AC0-016ED54E98AB}.Release|Any CPU.ActiveCfg = Release|Any CPU
		{9B4DC919-73AD-4255-8AC0-016ED54E98AB}.Release|Any CPU.Build.0 = Release|Any CPU
		{335E83A1-97F3-421E-B63C-BB6990B693E3}.Debug|Any CPU.ActiveCfg = Debug|Any CPU
		{335E83A1-97F3-421E-B63C-BB6990B693E3}.Debug|Any CPU.Build.0 = Debug|Any CPU
		{335E83A1-97F3-421E-B63C-BB6990B693E3}.Release|Any CPU.ActiveCfg = Release|Any CPU
		{335E83A1-97F3-421E-B63C-BB6990B693E3}.Release|Any CPU.Build.0 = Release|Any CPU
		{B3980AE7-9B58-4808-AAF8-65F53BC39C64}.Debug|Any CPU.ActiveCfg = Debug|Any CPU
		{B3980AE7-9B58-4808-AAF8-65F53BC39C64}.Debug|Any CPU.Build.0 = Debug|Any CPU
		{B3980AE7-9B58-4808-AAF8-65F53BC39C64}.Release|Any CPU.ActiveCfg = Release|Any CPU
		{B3980AE7-9B58-4808-AAF8-65F53BC39C64}.Release|Any CPU.Build.0 = Release|Any CPU
		{B59191D2-5295-41CF-88E6-FE49ADD97757}.Debug|Any CPU.ActiveCfg = Debug|Any CPU
		{B59191D2-5295-41CF-88E6-FE49ADD97757}.Debug|Any CPU.Build.0 = Debug|Any CPU
		{B59191D2-5295-41CF-88E6-FE49ADD97757}.Release|Any CPU.ActiveCfg = Release|Any CPU
		{B59191D2-5295-41CF-88E6-FE49ADD97757}.Release|Any CPU.Build.0 = Release|Any CPU
		{5CD46714-C0B7-448B-ABDE-6E7D410BE035}.Debug|Any CPU.ActiveCfg = Debug|Any CPU
		{5CD46714-C0B7-448B-ABDE-6E7D410BE035}.Debug|Any CPU.Build.0 = Debug|Any CPU
		{5CD46714-C0B7-448B-ABDE-6E7D410BE035}.Release|Any CPU.ActiveCfg = Release|Any CPU
		{5CD46714-C0B7-448B-ABDE-6E7D410BE035}.Release|Any CPU.Build.0 = Release|Any CPU
		{59201E72-0BCC-4E10-ACD7-7B9168C5F817}.Debug|Any CPU.ActiveCfg = Debug|Any CPU
		{59201E72-0BCC-4E10-ACD7-7B9168C5F817}.Debug|Any CPU.Build.0 = Debug|Any CPU
		{59201E72-0BCC-4E10-ACD7-7B9168C5F817}.Release|Any CPU.ActiveCfg = Release|Any CPU
		{59201E72-0BCC-4E10-ACD7-7B9168C5F817}.Release|Any CPU.Build.0 = Release|Any CPU
		{45B46691-8729-4120-9B33-F135746787FE}.Debug|Any CPU.ActiveCfg = Debug|Any CPU
		{45B46691-8729-4120-9B33-F135746787FE}.Debug|Any CPU.Build.0 = Debug|Any CPU
		{45B46691-8729-4120-9B33-F135746787FE}.Release|Any CPU.ActiveCfg = Release|Any CPU
		{45B46691-8729-4120-9B33-F135746787FE}.Release|Any CPU.Build.0 = Release|Any CPU
		{F7CF15D5-E13A-4EF8-84FC-0DC9D12FF563}.Debug|Any CPU.ActiveCfg = Debug|Any CPU
		{F7CF15D5-E13A-4EF8-84FC-0DC9D12FF563}.Debug|Any CPU.Build.0 = Debug|Any CPU
		{F7CF15D5-E13A-4EF8-84FC-0DC9D12FF563}.Release|Any CPU.ActiveCfg = Release|Any CPU
		{F7CF15D5-E13A-4EF8-84FC-0DC9D12FF563}.Release|Any CPU.Build.0 = Release|Any CPU
		{7E9BBCB1-72F4-4876-81FA-6DB712BAE809}.Debug|Any CPU.ActiveCfg = Debug|Any CPU
		{7E9BBCB1-72F4-4876-81FA-6DB712BAE809}.Debug|Any CPU.Build.0 = Debug|Any CPU
		{7E9BBCB1-72F4-4876-81FA-6DB712BAE809}.Release|Any CPU.ActiveCfg = Release|Any CPU
		{7E9BBCB1-72F4-4876-81FA-6DB712BAE809}.Release|Any CPU.Build.0 = Release|Any CPU
	EndGlobalSection
	GlobalSection(SolutionProperties) = preSolution
		HideSolutionNode = FALSE
	EndGlobalSection
	GlobalSection(ExtensibilityGlobals) = postSolution
		SolutionGuid = {0857A1C0-010B-4612-870B-6A900437C52A}
	EndGlobalSection
EndGlobal
