
Microsoft Visual Studio Solution File, Format Version 12.00
# Visual Studio Version 17
VisualStudioVersion = 17.5.33530.505
MinimumVisualStudioVersion = 10.0.40219.1
Project("{FAE04EC0-301F-11D3-BF4B-00C04F79EFBC}") = "feladat_00", "feladat_00\feladat_00.csproj", "{D14E5F49-36DA-4C4C-AD86-DA6B59CC4F38}"
EndProject
Project("{FAE04EC0-301F-11D3-BF4B-00C04F79EFBC}") = "feladat_01", "feladat_01\feladat_01.csproj", "{C75EA2C2-E493-49A0-B21A-1E5BD8689692}"
EndProject
Global
	GlobalSection(SolutionConfigurationPlatforms) = preSolution
		Debug|Any CPU = Debug|Any CPU
		Release|Any CPU = Release|Any CPU
	EndGlobalSection
	GlobalSection(ProjectConfigurationPlatforms) = postSolution
		{D14E5F49-36DA-4C4C-AD86-DA6B59CC4F38}.Debug|Any CPU.ActiveCfg = Debug|Any CPU
		{D14E5F49-36DA-4C4C-AD86-DA6B59CC4F38}.Debug|Any CPU.Build.0 = Debug|Any CPU
		{D14E5F49-36DA-4C4C-AD86-DA6B59CC4F38}.Release|Any CPU.ActiveCfg = Release|Any CPU
		{D14E5F49-36DA-4C4C-AD86-DA6B59CC4F38}.Release|Any CPU.Build.0 = Release|Any CPU
		{C75EA2C2-E493-49A0-B21A-1E5BD8689692}.Debug|Any CPU.ActiveCfg = Debug|Any CPU
		{C75EA2C2-E493-49A0-B21A-1E5BD8689692}.Debug|Any CPU.Build.0 = Debug|Any CPU
		{C75EA2C2-E493-49A0-B21A-1E5BD8689692}.Release|Any CPU.ActiveCfg = Release|Any CPU
		{C75EA2C2-E493-49A0-B21A-1E5BD8689692}.Release|Any CPU.Build.0 = Release|Any CPU
	EndGlobalSection
	GlobalSection(SolutionProperties) = preSolution
		HideSolutionNode = FALSE
	EndGlobalSection
	GlobalSection(ExtensibilityGlobals) = postSolution
		SolutionGuid = {040FED9A-6CD6-4169-95B3-E0B7FB2D150C}
	EndGlobalSection
EndGlobal
