
Microsoft Visual Studio Solution File, Format Version 12.00
# Visual Studio Version 17
VisualStudioVersion = 17.0.32112.339
MinimumVisualStudioVersion = 10.0.40219.1
Project("{9A19103F-16F7-4668-BE54-9A1E7A4F7556}") = "Feladat_00", "Feladat_00\Feladat_00.csproj", "{61742F8E-F731-4541-9AC0-F399158CFA29}"
EndProject
Project("{9A19103F-16F7-4668-BE54-9A1E7A4F7556}") = "Feladat_01", "Feladat_01\Feladat_01.csproj", "{532680C2-3A78-412E-B4F0-230403C4F0BE}"
EndProject
Project("{9A19103F-16F7-4668-BE54-9A1E7A4F7556}") = "Feladat_02", "Feladat_02\Feladat_02.csproj", "{941E3593-75D5-4D2B-BBE2-34C0DA547BC3}"
EndProject
Project("{9A19103F-16F7-4668-BE54-9A1E7A4F7556}") = "Feladat_03", "Feladat_03\Feladat_03.csproj", "{43A8D500-ABB4-472F-92D7-E88C6EBDD600}"
EndProject
Project("{9A19103F-16F7-4668-BE54-9A1E7A4F7556}") = "Feladat_04", "Feladat_04\Feladat_04.csproj", "{C68B7BE1-20C3-4917-8A67-A473E3ADEBB8}"
EndProject
Global
	GlobalSection(SolutionConfigurationPlatforms) = preSolution
		Debug|Any CPU = Debug|Any CPU
		Release|Any CPU = Release|Any CPU
	EndGlobalSection
	GlobalSection(ProjectConfigurationPlatforms) = postSolution
		{61742F8E-F731-4541-9AC0-F399158CFA29}.Debug|Any CPU.ActiveCfg = Debug|Any CPU
		{61742F8E-F731-4541-9AC0-F399158CFA29}.Debug|Any CPU.Build.0 = Debug|Any CPU
		{61742F8E-F731-4541-9AC0-F399158CFA29}.Release|Any CPU.ActiveCfg = Release|Any CPU
		{61742F8E-F731-4541-9AC0-F399158CFA29}.Release|Any CPU.Build.0 = Release|Any CPU
		{532680C2-3A78-412E-B4F0-230403C4F0BE}.Debug|Any CPU.ActiveCfg = Debug|Any CPU
		{532680C2-3A78-412E-B4F0-230403C4F0BE}.Debug|Any CPU.Build.0 = Debug|Any CPU
		{532680C2-3A78-412E-B4F0-230403C4F0BE}.Release|Any CPU.ActiveCfg = Release|Any CPU
		{532680C2-3A78-412E-B4F0-230403C4F0BE}.Release|Any CPU.Build.0 = Release|Any CPU
		{941E3593-75D5-4D2B-BBE2-34C0DA547BC3}.Debug|Any CPU.ActiveCfg = Debug|Any CPU
		{941E3593-75D5-4D2B-BBE2-34C0DA547BC3}.Debug|Any CPU.Build.0 = Debug|Any CPU
		{941E3593-75D5-4D2B-BBE2-34C0DA547BC3}.Release|Any CPU.ActiveCfg = Release|Any CPU
		{941E3593-75D5-4D2B-BBE2-34C0DA547BC3}.Release|Any CPU.Build.0 = Release|Any CPU
		{43A8D500-ABB4-472F-92D7-E88C6EBDD600}.Debug|Any CPU.ActiveCfg = Debug|Any CPU
		{43A8D500-ABB4-472F-92D7-E88C6EBDD600}.Debug|Any CPU.Build.0 = Debug|Any CPU
		{43A8D500-ABB4-472F-92D7-E88C6EBDD600}.Release|Any CPU.ActiveCfg = Release|Any CPU
		{43A8D500-ABB4-472F-92D7-E88C6EBDD600}.Release|Any CPU.Build.0 = Release|Any CPU
		{C68B7BE1-20C3-4917-8A67-A473E3ADEBB8}.Debug|Any CPU.ActiveCfg = Debug|Any CPU
		{C68B7BE1-20C3-4917-8A67-A473E3ADEBB8}.Debug|Any CPU.Build.0 = Debug|Any CPU
		{C68B7BE1-20C3-4917-8A67-A473E3ADEBB8}.Release|Any CPU.ActiveCfg = Release|Any CPU
		{C68B7BE1-20C3-4917-8A67-A473E3ADEBB8}.Release|Any CPU.Build.0 = Release|Any CPU
	EndGlobalSection
	GlobalSection(SolutionProperties) = preSolution
		HideSolutionNode = FALSE
	EndGlobalSection
	GlobalSection(ExtensibilityGlobals) = postSolution
		SolutionGuid = {791DE30F-69BF-41DC-B726-A19D3291FE77}
	EndGlobalSection
EndGlobal
