
Microsoft Visual Studio Solution File, Format Version 12.00
# Visual Studio Version 17
VisualStudioVersion = 17.7.34003.232
MinimumVisualStudioVersion = 10.0.40219.1
Project("{9A19103F-16F7-4668-BE54-9A1E7A4F7556}") = "Feladat1", "Feladat1\Feladat1.csproj", "{FF6BEFEA-7CA0-4E79-92CD-20CA96CCD9A6}"
EndProject
Project("{9A19103F-16F7-4668-BE54-9A1E7A4F7556}") = "Feladat2", "Feladat2\Feladat2.csproj", "{021A37FE-4B6C-4F4F-8ABD-D01CF759BA0B}"
EndProject
Project("{9A19103F-16F7-4668-BE54-9A1E7A4F7556}") = "Feladat3", "Feladat3\Feladat3.csproj", "{60F1CB0F-54C9-41AB-A1EE-9D5949516892}"
EndProject
Project("{9A19103F-16F7-4668-BE54-9A1E7A4F7556}") = "Feladat4", "Feladat4\Feladat4.csproj", "{DFBE8EBE-FB9A-4A5D-9D85-F68FA015370F}"
EndProject
Project("{9A19103F-16F7-4668-BE54-9A1E7A4F7556}") = "Feladat5", "Feladat5\Feladat5.csproj", "{A750A1D1-C529-47B5-8CDF-773A4CC490E9}"
EndProject
Project("{9A19103F-16F7-4668-BE54-9A1E7A4F7556}") = "Feladat6", "Feladat6\Feladat6.csproj", "{172E959D-BFB3-4DED-B23B-BD4857CF4E68}"
EndProject
Project("{9A19103F-16F7-4668-BE54-9A1E7A4F7556}") = "Feladat7", "Feladat7\Feladat7.csproj", "{640EFFD2-B441-4C2F-9601-AAFACB2AF043}"
EndProject
Project("{9A19103F-16F7-4668-BE54-9A1E7A4F7556}") = "Feladat8", "Feladat8\Feladat8.csproj", "{08070743-38DC-4DC2-9137-462FB4F6F7B2}"
EndProject
Project("{9A19103F-16F7-4668-BE54-9A1E7A4F7556}") = "Feladat9", "Feladat9\Feladat9.csproj", "{76242938-9593-407B-B25D-E67127628FA6}"
EndProject
Project("{9A19103F-16F7-4668-BE54-9A1E7A4F7556}") = "Feladat10", "Feladat10\Feladat10.csproj", "{B5EA4730-E6AA-444C-A9AC-6160AD7E0CCB}"
EndProject
Project("{FAE04EC0-301F-11D3-BF4B-00C04F79EFBC}") = "Feladat12", "Feladat12\Feladat12.csproj", "{C36C368F-5F94-4112-BD9C-6C24CC74A9A7}"
EndProject
Project("{9A19103F-16F7-4668-BE54-9A1E7A4F7556}") = "Feladat11", "Feladat11\Feladat11.csproj", "{E1F11684-B93A-4A70-B97F-C563977D6969}"
EndProject
Project("{FAE04EC0-301F-11D3-BF4B-00C04F79EFBC}") = "Feladat13", "Feladat13\Feladat13.csproj", "{361046B5-6D47-484D-9D3A-D4A735FB4D3B}"
EndProject
Project("{FAE04EC0-301F-11D3-BF4B-00C04F79EFBC}") = "Feladat14", "Feladat14\Feladat14.csproj", "{68D39BB3-CBDD-4462-A451-7D98C57DF042}"
EndProject
Project("{FAE04EC0-301F-11D3-BF4B-00C04F79EFBC}") = "Feladat15", "Feladat15\Feladat15.csproj", "{C993EF41-1261-4F2C-8F69-1D11FEE2045C}"
EndProject
Project("{FAE04EC0-301F-11D3-BF4B-00C04F79EFBC}") = "Feladat16", "Feladat16\Feladat16.csproj", "{041D9DA9-9510-4E5E-B37E-3ABF2E1CC4FE}"
EndProject
Global
	GlobalSection(SolutionConfigurationPlatforms) = preSolution
		Debug|Any CPU = Debug|Any CPU
		Release|Any CPU = Release|Any CPU
	EndGlobalSection
	GlobalSection(ProjectConfigurationPlatforms) = postSolution
		{FF6BEFEA-7CA0-4E79-92CD-20CA96CCD9A6}.Debug|Any CPU.ActiveCfg = Debug|Any CPU
		{FF6BEFEA-7CA0-4E79-92CD-20CA96CCD9A6}.Debug|Any CPU.Build.0 = Debug|Any CPU
		{FF6BEFEA-7CA0-4E79-92CD-20CA96CCD9A6}.Release|Any CPU.ActiveCfg = Release|Any CPU
		{FF6BEFEA-7CA0-4E79-92CD-20CA96CCD9A6}.Release|Any CPU.Build.0 = Release|Any CPU
		{021A37FE-4B6C-4F4F-8ABD-D01CF759BA0B}.Debug|Any CPU.ActiveCfg = Debug|Any CPU
		{021A37FE-4B6C-4F4F-8ABD-D01CF759BA0B}.Debug|Any CPU.Build.0 = Debug|Any CPU
		{021A37FE-4B6C-4F4F-8ABD-D01CF759BA0B}.Release|Any CPU.ActiveCfg = Release|Any CPU
		{021A37FE-4B6C-4F4F-8ABD-D01CF759BA0B}.Release|Any CPU.Build.0 = Release|Any CPU
		{60F1CB0F-54C9-41AB-A1EE-9D5949516892}.Debug|Any CPU.ActiveCfg = Debug|Any CPU
		{60F1CB0F-54C9-41AB-A1EE-9D5949516892}.Debug|Any CPU.Build.0 = Debug|Any CPU
		{60F1CB0F-54C9-41AB-A1EE-9D5949516892}.Release|Any CPU.ActiveCfg = Release|Any CPU
		{60F1CB0F-54C9-41AB-A1EE-9D5949516892}.Release|Any CPU.Build.0 = Release|Any CPU
		{DFBE8EBE-FB9A-4A5D-9D85-F68FA015370F}.Debug|Any CPU.ActiveCfg = Debug|Any CPU
		{DFBE8EBE-FB9A-4A5D-9D85-F68FA015370F}.Debug|Any CPU.Build.0 = Debug|Any CPU
		{DFBE8EBE-FB9A-4A5D-9D85-F68FA015370F}.Release|Any CPU.ActiveCfg = Release|Any CPU
		{DFBE8EBE-FB9A-4A5D-9D85-F68FA015370F}.Release|Any CPU.Build.0 = Release|Any CPU
		{A750A1D1-C529-47B5-8CDF-773A4CC490E9}.Debug|Any CPU.ActiveCfg = Debug|Any CPU
		{A750A1D1-C529-47B5-8CDF-773A4CC490E9}.Debug|Any CPU.Build.0 = Debug|Any CPU
		{A750A1D1-C529-47B5-8CDF-773A4CC490E9}.Release|Any CPU.ActiveCfg = Release|Any CPU
		{A750A1D1-C529-47B5-8CDF-773A4CC490E9}.Release|Any CPU.Build.0 = Release|Any CPU
		{172E959D-BFB3-4DED-B23B-BD4857CF4E68}.Debug|Any CPU.ActiveCfg = Debug|Any CPU
		{172E959D-BFB3-4DED-B23B-BD4857CF4E68}.Debug|Any CPU.Build.0 = Debug|Any CPU
		{172E959D-BFB3-4DED-B23B-BD4857CF4E68}.Release|Any CPU.ActiveCfg = Release|Any CPU
		{172E959D-BFB3-4DED-B23B-BD4857CF4E68}.Release|Any CPU.Build.0 = Release|Any CPU
		{640EFFD2-B441-4C2F-9601-AAFACB2AF043}.Debug|Any CPU.ActiveCfg = Debug|Any CPU
		{640EFFD2-B441-4C2F-9601-AAFACB2AF043}.Debug|Any CPU.Build.0 = Debug|Any CPU
		{640EFFD2-B441-4C2F-9601-AAFACB2AF043}.Release|Any CPU.ActiveCfg = Release|Any CPU
		{640EFFD2-B441-4C2F-9601-AAFACB2AF043}.Release|Any CPU.Build.0 = Release|Any CPU
		{08070743-38DC-4DC2-9137-462FB4F6F7B2}.Debug|Any CPU.ActiveCfg = Debug|Any CPU
		{08070743-38DC-4DC2-9137-462FB4F6F7B2}.Debug|Any CPU.Build.0 = Debug|Any CPU
		{08070743-38DC-4DC2-9137-462FB4F6F7B2}.Release|Any CPU.ActiveCfg = Release|Any CPU
		{08070743-38DC-4DC2-9137-462FB4F6F7B2}.Release|Any CPU.Build.0 = Release|Any CPU
		{76242938-9593-407B-B25D-E67127628FA6}.Debug|Any CPU.ActiveCfg = Debug|Any CPU
		{76242938-9593-407B-B25D-E67127628FA6}.Debug|Any CPU.Build.0 = Debug|Any CPU
		{76242938-9593-407B-B25D-E67127628FA6}.Release|Any CPU.ActiveCfg = Release|Any CPU
		{76242938-9593-407B-B25D-E67127628FA6}.Release|Any CPU.Build.0 = Release|Any CPU
		{B5EA4730-E6AA-444C-A9AC-6160AD7E0CCB}.Debug|Any CPU.ActiveCfg = Debug|Any CPU
		{B5EA4730-E6AA-444C-A9AC-6160AD7E0CCB}.Debug|Any CPU.Build.0 = Debug|Any CPU
		{B5EA4730-E6AA-444C-A9AC-6160AD7E0CCB}.Release|Any CPU.ActiveCfg = Release|Any CPU
		{B5EA4730-E6AA-444C-A9AC-6160AD7E0CCB}.Release|Any CPU.Build.0 = Release|Any CPU
		{C36C368F-5F94-4112-BD9C-6C24CC74A9A7}.Debug|Any CPU.ActiveCfg = Debug|Any CPU
		{C36C368F-5F94-4112-BD9C-6C24CC74A9A7}.Debug|Any CPU.Build.0 = Debug|Any CPU
		{C36C368F-5F94-4112-BD9C-6C24CC74A9A7}.Release|Any CPU.ActiveCfg = Release|Any CPU
		{C36C368F-5F94-4112-BD9C-6C24CC74A9A7}.Release|Any CPU.Build.0 = Release|Any CPU
		{E1F11684-B93A-4A70-B97F-C563977D6969}.Debug|Any CPU.ActiveCfg = Debug|Any CPU
		{E1F11684-B93A-4A70-B97F-C563977D6969}.Debug|Any CPU.Build.0 = Debug|Any CPU
		{E1F11684-B93A-4A70-B97F-C563977D6969}.Release|Any CPU.ActiveCfg = Release|Any CPU
		{E1F11684-B93A-4A70-B97F-C563977D6969}.Release|Any CPU.Build.0 = Release|Any CPU
		{361046B5-6D47-484D-9D3A-D4A735FB4D3B}.Debug|Any CPU.ActiveCfg = Debug|Any CPU
		{361046B5-6D47-484D-9D3A-D4A735FB4D3B}.Debug|Any CPU.Build.0 = Debug|Any CPU
		{361046B5-6D47-484D-9D3A-D4A735FB4D3B}.Release|Any CPU.ActiveCfg = Release|Any CPU
		{361046B5-6D47-484D-9D3A-D4A735FB4D3B}.Release|Any CPU.Build.0 = Release|Any CPU
		{68D39BB3-CBDD-4462-A451-7D98C57DF042}.Debug|Any CPU.ActiveCfg = Debug|Any CPU
		{68D39BB3-CBDD-4462-A451-7D98C57DF042}.Debug|Any CPU.Build.0 = Debug|Any CPU
		{68D39BB3-CBDD-4462-A451-7D98C57DF042}.Release|Any CPU.ActiveCfg = Release|Any CPU
		{68D39BB3-CBDD-4462-A451-7D98C57DF042}.Release|Any CPU.Build.0 = Release|Any CPU
		{C993EF41-1261-4F2C-8F69-1D11FEE2045C}.Debug|Any CPU.ActiveCfg = Debug|Any CPU
		{C993EF41-1261-4F2C-8F69-1D11FEE2045C}.Debug|Any CPU.Build.0 = Debug|Any CPU
		{C993EF41-1261-4F2C-8F69-1D11FEE2045C}.Release|Any CPU.ActiveCfg = Release|Any CPU
		{C993EF41-1261-4F2C-8F69-1D11FEE2045C}.Release|Any CPU.Build.0 = Release|Any CPU
		{041D9DA9-9510-4E5E-B37E-3ABF2E1CC4FE}.Debug|Any CPU.ActiveCfg = Debug|Any CPU
		{041D9DA9-9510-4E5E-B37E-3ABF2E1CC4FE}.Debug|Any CPU.Build.0 = Debug|Any CPU
		{041D9DA9-9510-4E5E-B37E-3ABF2E1CC4FE}.Release|Any CPU.ActiveCfg = Release|Any CPU
		{041D9DA9-9510-4E5E-B37E-3ABF2E1CC4FE}.Release|Any CPU.Build.0 = Release|Any CPU
	EndGlobalSection
	GlobalSection(SolutionProperties) = preSolution
		HideSolutionNode = FALSE
	EndGlobalSection
	GlobalSection(ExtensibilityGlobals) = postSolution
		SolutionGuid = {F2976C73-4C3E-4CAB-A731-12101964A33A}
	EndGlobalSection
EndGlobal
