
Microsoft Visual Studio Solution File, Format Version 12.00
# Visual Studio Version 17
VisualStudioVersion = 17.7.34003.232
MinimumVisualStudioVersion = 10.0.40219.1
Project("{FAE04EC0-301F-11D3-BF4B-00C04F79EFBC}") = "Gyakorlati Feladat", "Gyakorlati Feladat\Gyakorlati Feladat.csproj", "{2BEBF19C-72A6-4F0C-A8FD-FF039BD03EEA}"
EndProject
Global
	GlobalSection(SolutionConfigurationPlatforms) = preSolution
		Debug|Any CPU = Debug|Any CPU
		Release|Any CPU = Release|Any CPU
	EndGlobalSection
	GlobalSection(ProjectConfigurationPlatforms) = postSolution
		{2BEBF19C-72A6-4F0C-A8FD-FF039BD03EEA}.Debug|Any CPU.ActiveCfg = Debug|Any CPU
		{2BEBF19C-72A6-4F0C-A8FD-FF039BD03EEA}.Debug|Any CPU.Build.0 = Debug|Any CPU
		{2BEBF19C-72A6-4F0C-A8FD-FF039BD03EEA}.Release|Any CPU.ActiveCfg = Release|Any CPU
		{2BEBF19C-72A6-4F0C-A8FD-FF039BD03EEA}.Release|Any CPU.Build.0 = Release|Any CPU
	EndGlobalSection
	GlobalSection(SolutionProperties) = preSolution
		HideSolutionNode = FALSE
	EndGlobalSection
	GlobalSection(ExtensibilityGlobals) = postSolution
		SolutionGuid = {AE320D75-C94C-4ED5-BBAA-97DACDFD5E6F}
	EndGlobalSection
EndGlobal
